
Microsoft Visual Studio Solution File, Format Version 12.00
# Visual Studio 15
VisualStudioVersion = 15.0.26730.16
MinimumVisualStudioVersion = 10.0.40219.1
Project("{FAE04EC0-301F-11D3-BF4B-00C04F79EFBC}") = "AppMobile.Android", "AppMobile\AppMobile.Android\AppMobile.Android.csproj", "{EA4EA7A7-C8B2-4218-984C-DC6A09271936}"
EndProject
Project("{FAE04EC0-301F-11D3-BF4B-00C04F79EFBC}") = "AppMobile", "AppMobile\AppMobile\AppMobile.csproj", "{375E1BA5-0F02-4BC8-927D-265D4D96A927}"
EndProject
Project("{FAE04EC0-301F-11D3-BF4B-00C04F79EFBC}") = "AppMobile.iOS", "AppMobile\AppMobile.iOS\AppMobile.iOS.csproj", "{53299918-27C1-4F4F-AE03-6AE68A08A698}"
EndProject
Global
	GlobalSection(SolutionConfigurationPlatforms) = preSolution
		Ad-Hoc|Any CPU = Ad-Hoc|Any CPU
		Ad-Hoc|iPhone = Ad-Hoc|iPhone
		Ad-Hoc|iPhoneSimulator = Ad-Hoc|iPhoneSimulator
		AppStore|Any CPU = AppStore|Any CPU
		AppStore|iPhone = AppStore|iPhone
		AppStore|iPhoneSimulator = AppStore|iPhoneSimulator
		Debug|Any CPU = Debug|Any CPU
		Debug|iPhone = Debug|iPhone
		Debug|iPhoneSimulator = Debug|iPhoneSimulator
		Release|Any CPU = Release|Any CPU
		Release|iPhone = Release|iPhone
		Release|iPhoneSimulator = Release|iPhoneSimulator
	EndGlobalSection
	GlobalSection(ProjectConfigurationPlatforms) = postSolution
		{EA4EA7A7-C8B2-4218-984C-DC6A09271936}.Ad-Hoc|Any CPU.ActiveCfg = Release|Any CPU
		{EA4EA7A7-C8B2-4218-984C-DC6A09271936}.Ad-Hoc|Any CPU.Build.0 = Release|Any CPU
		{EA4EA7A7-C8B2-4218-984C-DC6A09271936}.Ad-Hoc|Any CPU.Deploy.0 = Release|Any CPU
		{EA4EA7A7-C8B2-4218-984C-DC6A09271936}.Ad-Hoc|iPhone.ActiveCfg = Release|Any CPU
		{EA4EA7A7-C8B2-4218-984C-DC6A09271936}.Ad-Hoc|iPhone.Build.0 = Release|Any CPU
		{EA4EA7A7-C8B2-4218-984C-DC6A09271936}.Ad-Hoc|iPhone.Deploy.0 = Release|Any CPU
		{EA4EA7A7-C8B2-4218-984C-DC6A09271936}.Ad-Hoc|iPhoneSimulator.ActiveCfg = Release|Any CPU
		{EA4EA7A7-C8B2-4218-984C-DC6A09271936}.Ad-Hoc|iPhoneSimulator.Build.0 = Release|Any CPU
		{EA4EA7A7-C8B2-4218-984C-DC6A09271936}.Ad-Hoc|iPhoneSimulator.Deploy.0 = Release|Any CPU
		{EA4EA7A7-C8B2-4218-984C-DC6A09271936}.AppStore|Any CPU.ActiveCfg = Release|Any CPU
		{EA4EA7A7-C8B2-4218-984C-DC6A09271936}.AppStore|Any CPU.Build.0 = Release|Any CPU
		{EA4EA7A7-C8B2-4218-984C-DC6A09271936}.AppStore|Any CPU.Deploy.0 = Release|Any CPU
		{EA4EA7A7-C8B2-4218-984C-DC6A09271936}.AppStore|iPhone.ActiveCfg = Release|Any CPU
		{EA4EA7A7-C8B2-4218-984C-DC6A09271936}.AppStore|iPhone.Build.0 = Release|Any CPU
		{EA4EA7A7-C8B2-4218-984C-DC6A09271936}.AppStore|iPhone.Deploy.0 = Release|Any CPU
		{EA4EA7A7-C8B2-4218-984C-DC6A09271936}.AppStore|iPhoneSimulator.ActiveCfg = Release|Any CPU
		{EA4EA7A7-C8B2-4218-984C-DC6A09271936}.AppStore|iPhoneSimulator.Build.0 = Release|Any CPU
		{EA4EA7A7-C8B2-4218-984C-DC6A09271936}.AppStore|iPhoneSimulator.Deploy.0 = Release|Any CPU
		{EA4EA7A7-C8B2-4218-984C-DC6A09271936}.Debug|Any CPU.ActiveCfg = Debug|Any CPU
		{EA4EA7A7-C8B2-4218-984C-DC6A09271936}.Debug|Any CPU.Build.0 = Debug|Any CPU
		{EA4EA7A7-C8B2-4218-984C-DC6A09271936}.Debug|Any CPU.Deploy.0 = Debug|Any CPU
		{EA4EA7A7-C8B2-4218-984C-DC6A09271936}.Debug|iPhone.ActiveCfg = Debug|Any CPU
		{EA4EA7A7-C8B2-4218-984C-DC6A09271936}.Debug|iPhone.Build.0 = Debug|Any CPU
		{EA4EA7A7-C8B2-4218-984C-DC6A09271936}.Debug|iPhone.Deploy.0 = Debug|Any CPU
		{EA4EA7A7-C8B2-4218-984C-DC6A09271936}.Debug|iPhoneSimulator.ActiveCfg = Debug|Any CPU
		{EA4EA7A7-C8B2-4218-984C-DC6A09271936}.Debug|iPhoneSimulator.Build.0 = Debug|Any CPU
		{EA4EA7A7-C8B2-4218-984C-DC6A09271936}.Debug|iPhoneSimulator.Deploy.0 = Debug|Any CPU
		{EA4EA7A7-C8B2-4218-984C-DC6A09271936}.Release|Any CPU.ActiveCfg = Release|Any CPU
		{EA4EA7A7-C8B2-4218-984C-DC6A09271936}.Release|Any CPU.Build.0 = Release|Any CPU
		{EA4EA7A7-C8B2-4218-984C-DC6A09271936}.Release|Any CPU.Deploy.0 = Release|Any CPU
		{EA4EA7A7-C8B2-4218-984C-DC6A09271936}.Release|iPhone.ActiveCfg = Release|Any CPU
		{EA4EA7A7-C8B2-4218-984C-DC6A09271936}.Release|iPhone.Build.0 = Release|Any CPU
		{EA4EA7A7-C8B2-4218-984C-DC6A09271936}.Release|iPhone.Deploy.0 = Release|Any CPU
		{EA4EA7A7-C8B2-4218-984C-DC6A09271936}.Release|iPhoneSimulator.ActiveCfg = Release|Any CPU
		{EA4EA7A7-C8B2-4218-984C-DC6A09271936}.Release|iPhoneSimulator.Build.0 = Release|Any CPU
		{EA4EA7A7-C8B2-4218-984C-DC6A09271936}.Release|iPhoneSimulator.Deploy.0 = Release|Any CPU
		{375E1BA5-0F02-4BC8-927D-265D4D96A927}.Ad-Hoc|Any CPU.ActiveCfg = Release|Any CPU
		{375E1BA5-0F02-4BC8-927D-265D4D96A927}.Ad-Hoc|Any CPU.Build.0 = Release|Any CPU
		{375E1BA5-0F02-4BC8-927D-265D4D96A927}.Ad-Hoc|iPhone.ActiveCfg = Release|Any CPU
		{375E1BA5-0F02-4BC8-927D-265D4D96A927}.Ad-Hoc|iPhone.Build.0 = Release|Any CPU
		{375E1BA5-0F02-4BC8-927D-265D4D96A927}.Ad-Hoc|iPhoneSimulator.ActiveCfg = Release|Any CPU
		{375E1BA5-0F02-4BC8-927D-265D4D96A927}.Ad-Hoc|iPhoneSimulator.Build.0 = Release|Any CPU
		{375E1BA5-0F02-4BC8-927D-265D4D96A927}.AppStore|Any CPU.ActiveCfg = Release|Any CPU
		{375E1BA5-0F02-4BC8-927D-265D4D96A927}.AppStore|Any CPU.Build.0 = Release|Any CPU
		{375E1BA5-0F02-4BC8-927D-265D4D96A927}.AppStore|iPhone.ActiveCfg = Release|Any CPU
		{375E1BA5-0F02-4BC8-927D-265D4D96A927}.AppStore|iPhone.Build.0 = Release|Any CPU
		{375E1BA5-0F02-4BC8-927D-265D4D96A927}.AppStore|iPhoneSimulator.ActiveCfg = Release|Any CPU
		{375E1BA5-0F02-4BC8-927D-265D4D96A927}.AppStore|iPhoneSimulator.Build.0 = Release|Any CPU
		{375E1BA5-0F02-4BC8-927D-265D4D96A927}.Debug|Any CPU.ActiveCfg = Debug|Any CPU
		{375E1BA5-0F02-4BC8-927D-265D4D96A927}.Debug|Any CPU.Build.0 = Debug|Any CPU
		{375E1BA5-0F02-4BC8-927D-265D4D96A927}.Debug|iPhone.ActiveCfg = Debug|Any CPU
		{375E1BA5-0F02-4BC8-927D-265D4D96A927}.Debug|iPhone.Build.0 = Debug|Any CPU
		{375E1BA5-0F02-4BC8-927D-265D4D96A927}.Debug|iPhoneSimulator.ActiveCfg = Debug|Any CPU
		{375E1BA5-0F02-4BC8-927D-265D4D96A927}.Debug|iPhoneSimulator.Build.0 = Debug|Any CPU
		{375E1BA5-0F02-4BC8-927D-265D4D96A927}.Release|Any CPU.ActiveCfg = Release|Any CPU
		{375E1BA5-0F02-4BC8-927D-265D4D96A927}.Release|Any CPU.Build.0 = Release|Any CPU
		{375E1BA5-0F02-4BC8-927D-265D4D96A927}.Release|iPhone.ActiveCfg = Release|Any CPU
		{375E1BA5-0F02-4BC8-927D-265D4D96A927}.Release|iPhone.Build.0 = Release|Any CPU
		{375E1BA5-0F02-4BC8-927D-265D4D96A927}.Release|iPhoneSimulator.ActiveCfg = Release|Any CPU
		{375E1BA5-0F02-4BC8-927D-265D4D96A927}.Release|iPhoneSimulator.Build.0 = Release|Any CPU
		{53299918-27C1-4F4F-AE03-6AE68A08A698}.Ad-Hoc|Any CPU.ActiveCfg = Ad-Hoc|iPhone
		{53299918-27C1-4F4F-AE03-6AE68A08A698}.Ad-Hoc|iPhone.ActiveCfg = Ad-Hoc|iPhone
		{53299918-27C1-4F4F-AE03-6AE68A08A698}.Ad-Hoc|iPhone.Build.0 = Ad-Hoc|iPhone
		{53299918-27C1-4F4F-AE03-6AE68A08A698}.Ad-Hoc|iPhoneSimulator.ActiveCfg = Ad-Hoc|iPhoneSimulator
		{53299918-27C1-4F4F-AE03-6AE68A08A698}.Ad-Hoc|iPhoneSimulator.Build.0 = Ad-Hoc|iPhoneSimulator
		{53299918-27C1-4F4F-AE03-6AE68A08A698}.AppStore|Any CPU.ActiveCfg = AppStore|iPhone
		{53299918-27C1-4F4F-AE03-6AE68A08A698}.AppStore|iPhone.ActiveCfg = AppStore|iPhone
		{53299918-27C1-4F4F-AE03-6AE68A08A698}.AppStore|iPhone.Build.0 = AppStore|iPhone
		{53299918-27C1-4F4F-AE03-6AE68A08A698}.AppStore|iPhoneSimulator.ActiveCfg = AppStore|iPhoneSimulator
		{53299918-27C1-4F4F-AE03-6AE68A08A698}.AppStore|iPhoneSimulator.Build.0 = AppStore|iPhoneSimulator
		{53299918-27C1-4F4F-AE03-6AE68A08A698}.Debug|Any CPU.ActiveCfg = Debug|iPhone
		{53299918-27C1-4F4F-AE03-6AE68A08A698}.Debug|iPhone.ActiveCfg = Debug|iPhone
		{53299918-27C1-4F4F-AE03-6AE68A08A698}.Debug|iPhone.Build.0 = Debug|iPhone
		{53299918-27C1-4F4F-AE03-6AE68A08A698}.Debug|iPhoneSimulator.ActiveCfg = Debug|iPhoneSimulator
		{53299918-27C1-4F4F-AE03-6AE68A08A698}.Debug|iPhoneSimulator.Build.0 = Debug|iPhoneSimulator
		{53299918-27C1-4F4F-AE03-6AE68A08A698}.Release|Any CPU.ActiveCfg = Release|iPhone
		{53299918-27C1-4F4F-AE03-6AE68A08A698}.Release|iPhone.ActiveCfg = Release|iPhone
		{53299918-27C1-4F4F-AE03-6AE68A08A698}.Release|iPhone.Build.0 = Release|iPhone
		{53299918-27C1-4F4F-AE03-6AE68A08A698}.Release|iPhoneSimulator.ActiveCfg = Release|iPhoneSimulator
		{53299918-27C1-4F4F-AE03-6AE68A08A698}.Release|iPhoneSimulator.Build.0 = Release|iPhoneSimulator
	EndGlobalSection
	GlobalSection(SolutionProperties) = preSolution
		HideSolutionNode = FALSE
	EndGlobalSection
	GlobalSection(ExtensibilityGlobals) = postSolution
		SolutionGuid = {DF757B05-C94C-4C74-85A1-FD0B577655CE}
	EndGlobalSection
EndGlobal
